<?xml version="1.0" encoding="utf-8"?>
<Project ToolsVersion="4.0" xmlns="http://schemas.microsoft.com/developer/msbuild/2003">
  <ItemGroup>
    <Filter Include="Source Files">
      <UniqueIdentifier>{4FC737F1-C7A5-4376-A066-2A32D752A2FF}</UniqueIdentifier>
      <Extensions>cpp;c;cc;cxx;def;s;asm;asmx</Extensions>
    </Filter>
    <Filter Include="Header Files">
      <UniqueIdentifier>{93995380-89BD-4b04-88EB-625FBE52EBFB}</UniqueIdentifier>
      <Extensions>h;hh;hpp;hxx;hm;inl;inc</Extensions>
    </Filter>
    <Filter Include="Resource Files">
      <UniqueIdentifier>{67DA6AB6-F800-4c08-8B7A-83BB121AAD01}</UniqueIdentifier>
      <Extensions>bmp;gif;jpg;jpeg;png;wav;mp4</Extensions>
    </Filter>
  </ItemGroup>
  <ItemGroup>
    <ClCompile Include="ButtonHandlers.cpp">
      <Filter>Source Files</Filter>
    </ClCompile>
    <ClCompile Include="LabelFader.cpp">
      <Filter>Source Files</Filter>
    </ClCompile>
    <ClCompile Include="code/src/MLProtoLumin.cpp">
      <Filter>Source Files</Filter>
    </ClCompile>
    <ClCompile Include="code/src/main.cpp">
      <Filter>Source Files</Filter>
    </ClCompile>
  </ItemGroup>
  <ItemGroup>
    <ClInclude Include="code/inc.gen/ListsLayoutScene/ListsLayoutScene.h">
      <Filter>Header Files</Filter>
    </ClInclude>
    <ClInclude Include="code/inc.gen/PrismSceneManager.h">
      <Filter>Header Files</Filter>
    </ClInclude>
    <ClInclude Include="code/inc.gen/SceneDescriptor.h">
      <Filter>Header Files</Filter>
    </ClInclude>
    <ClInclude Include="code/inc.gen/scenes.h">
      <Filter>Header Files</Filter>
    </ClInclude>
    <ClInclude Include="code/inc.gen/SpawnedSceneBase.h">
      <Filter>Header Files</Filter>
    </ClInclude>
    <ClInclude Include="code/inc.gen/SpawnedSceneHandlers.h">
      <Filter>Header Files</Filter>
    </ClInclude>
    <ClInclude Include="code/inc.gen/SpawnedSceneUserData.h">
      <Filter>Header Files</Filter>
    </ClInclude>
    <ClInclude Include="code/inc/ListsLayoutScene/BES_Label6/TextWithIconOutlinedLabelHandler.h">
      <Filter>Header Files</Filter>
    </ClInclude>
    <ClInclude Include="code/inc/ListsLayoutScene/eclipseLabel1/EmergLabel.h">
      <Filter>Header Files</Filter>
    </ClInclude>
    <ClInclude Include="code/inc/ListsLayoutScene/foodEclipseButton/TextWithIconOutlinedButtonHandlers.h">
      <Filter>Header Files</Filter>
    </ClInclude>
    <ClInclude Include="code/inc/ListsLayoutScene/helpEclipseLabel/helpLabelHandler.h">
      <Filter>Header Files</Filter>
    </ClInclude>
    <ClInclude Include="code/inc/ListsLayoutScene/helpList/helpListHandler.h">
      <Filter>Header Files</Filter>
    </ClInclude>
    <ClInclude Include="code/inc/ListsLayoutScene/SSSL_EmergencyList/EmergHandler.h">
      <Filter>Header Files</Filter>
    </ClInclude>
    <ClInclude Include="code/inc/ListsLayoutScene/SSSL_EmergencyList/SingleSelectSingleLevelHandlers.h">
      <Filter>Header Files</Filter>
    </ClInclude>
    <ClInclude Include="code/inc/ListsLayoutScene/washroomEclipseBut/washroomButtonHandler.h">
      <Filter>Header Files</Filter>
    </ClInclude>
    <ClInclude Include="code/inc/ListsLayoutScene/washroomEclipseLabel/washroomLabelHandler.h">
      <Filter>Header Files</Filter>
    </ClInclude>
    <ClInclude Include="code/inc/ListsLayoutScene/ButtonHandlers.h">
      <Filter>Header Files</Filter>
    </ClInclude>
    <ClInclude Include="code/inc/ListsLayoutScene/ExamplesConstants.h">
      <Filter>Header Files</Filter>
    </ClInclude>
    <ClInclude Include="code/inc/ExamplesDefines.h">
      <Filter>Header Files</Filter>
    </ClInclude>
    <ClInclude Include="code/inc/LabelFader.h">
      <Filter>Header Files</Filter>
    </ClInclude>
    <ClInclude Include="code/inc/LabelFadersData.h">
      <Filter>Header Files</Filter>
    </ClInclude>
    <ClInclude Include="code/inc/MLProtoLumin.h">
      <Filter>Header Files</Filter>
    </ClInclude>
  </ItemGroup>
  <ItemGroup>
    <None Include="manifest.xml" />
    <None Include="MLProtoLumin.mabu" />
    <None Include="MLProtoLumin.package" />
  </ItemGroup>
</Project>